
Microsoft Visual Studio Solution File, Format Version 12.00
# Visual Studio Version 17
VisualStudioVersion = 17.4.33213.308
MinimumVisualStudioVersion = 10.0.40219.1
Project("{FAE04EC0-301F-11D3-BF4B-00C04F79EFBC}") = "EnglishDictionary", "EnglishDictionary\EnglishDictionary.csproj", "{A5E03E96-B92A-4DE8-9224-DAD3B47A2952}"
EndProject
Global
	GlobalSection(SolutionConfigurationPlatforms) = preSolution
		Debug|Any CPU = Debug|Any CPU
		Release|Any CPU = Release|Any CPU
	EndGlobalSection
	GlobalSection(ProjectConfigurationPlatforms) = postSolution
		{A5E03E96-B92A-4DE8-9224-DAD3B47A2952}.Debug|Any CPU.ActiveCfg = Debug|Any CPU
		{A5E03E96-B92A-4DE8-9224-DAD3B47A2952}.Debug|Any CPU.Build.0 = Debug|Any CPU
		{A5E03E96-B92A-4DE8-9224-DAD3B47A2952}.Release|Any CPU.ActiveCfg = Release|Any CPU
		{A5E03E96-B92A-4DE8-9224-DAD3B47A2952}.Release|Any CPU.Build.0 = Release|Any CPU
	EndGlobalSection
	GlobalSection(SolutionProperties) = preSolution
		HideSolutionNode = FALSE
	EndGlobalSection
	GlobalSection(ExtensibilityGlobals) = postSolution
		SolutionGuid = {3CC09B65-5578-4D54-B27F-B3D00AD31408}
	EndGlobalSection
EndGlobal
